github.com/streadway/amqp v0.0.0-20180315184602-8e4aba63da9f h1:q//3aFQhyA8sBywUCO9DlDoFZFitzVhnght/YhKrQ6s=
github.com/streadway/amqp v0.0.0-20180315184602-8e4aba63da9f/go.mod h1:1WNBiOZtZQLpVAyu0iTduoJL9hEsMloAK5XWrtW0xdY=
github.com/stretchr/objx v0.1.1/go.mod h1:HFkY916IF+rwdDfMAkV7OtwuqBVzrE8GR6GFx+wExME=
github.com/stretchr/testify v1.2.1/go.mod h1:a8OnRcib4nhh0OaRAV+Yts87kKdq0PP7pXfy6kDkUVs=
