github.com/Jeffail/tunny v0.0.0-20190930221602-f13eb662a36a h1:sk14oPN106XTe3WzOIaVGq+cFh1sh4z++2pAg2j4XCo=
github.com/Jeffail/tunny v0.0.0-20190930221602-f13eb662a36a/go.mod h1:BX3q3G70XX0UmIkDWfDHoDRquDS1xFJA5VTbMf+14wM=
github.com/davecgh/go-spew v1.1.1 h1:vj9j/u1bqnvCEfJOwUhtlOARqs3+rkHYY13jYWTU97c=
github.com/davecgh/go-spew v1.1.1/go.mod h1:J7Y8YcW2NihsgmVo/mv3lAwl/skON4iLHjSsI+c5H38=
github.com/pmezard/go-difflib v1.0.0 h1:4DBwDE0NGyQoBHbLQYPwSUPoCMWR5BEzIk/f1lZbAQM=
github.com/pmezard/go-difflib v1.0.0/go.mod h1:iKH77koFhYxTK1pcRnkKkqfTogsbg7gZNVY4sRDYZ/4=
github.com/streadway/amqp v0.0.0-20180315184602-8e4aba63da9f h1:q//3aFQhyA8sBywUCO9DlDoFZFitzVhnght/YhKrQ6s=
github.com/streadway/amqp v0.0.0-20180315184602-8e4aba63da9f/go.mod h1:1WNBiOZtZQLpVAyu0iTduoJL9hEsMloAK5XWrtW0xdY=
github.com/stretchr/objx v0.1.1 h1:2vfRuCMp5sSVIDSqO8oNnWJq7mPa6KVP3iPIwFBuy8A=
github.com/stretchr/objx v0.1.1/go.mod h1:HFkY916IF+rwdDfMAkV7OtwuqBVzrE8GR6GFx+wExME=
github.com/stretchr/testify v1.2.1 h1:52QO5WkIUcHGIR7EnGagH88x1bUzqGXTC5/1bDTUQ7U=
github.com/stretchr/testify v1.2.1/go.mod h1:a8OnRcib4nhh0OaRAV+Yts87kKdq0PP7pXfy6kDkUVs=
